
Microsoft Visual Studio Solution File, Format Version 12.00
# Visual Studio Version 16
VisualStudioVersion = 16.0.30523.141
MinimumVisualStudioVersion = 10.0.40219.1
Project("{FAE04EC0-301F-11D3-BF4B-00C04F79EFBC}") = "test", "test\test.csproj", "{BEAFB083-01DC-4708-9AE4-C3DDF199703C}"
EndProject
Global
	GlobalSection(SolutionConfigurationPlatforms) = preSolution
		Debug|Any CPU = Debug|Any CPU
		Release|Any CPU = Release|Any CPU
	EndGlobalSection
	GlobalSection(ProjectConfigurationPlatforms) = postSolution
		{BEAFB083-01DC-4708-9AE4-C3DDF199703C}.Debug|Any CPU.ActiveCfg = Debug|Any CPU
		{BEAFB083-01DC-4708-9AE4-C3DDF199703C}.Debug|Any CPU.Build.0 = Debug|Any CPU
		{BEAFB083-01DC-4708-9AE4-C3DDF199703C}.Release|Any CPU.ActiveCfg = Release|Any CPU
		{BEAFB083-01DC-4708-9AE4-C3DDF199703C}.Release|Any CPU.Build.0 = Release|Any CPU
	EndGlobalSection
	GlobalSection(SolutionProperties) = preSolution
		HideSolutionNode = FALSE
	EndGlobalSection
	GlobalSection(ExtensibilityGlobals) = postSolution
		SolutionGuid = {24D35AE5-9E3B-42AE-A772-B4352041D146}
	EndGlobalSection
EndGlobal
